# THIS IS AN AUTOGENERATED FILE. DO NOT EDIT THIS FILE DIRECTLY.
# yarn lockfile v1


"@babel/helper-string-parser@^7.25.9":
  version "7.25.9"
  resolved "https://registry.npmjs.org/@babel/helper-string-parser/-/helper-string-parser-7.25.9.tgz#1aabb72ee72ed35789b4bbcad3ca2862ce614e8c"
  integrity sha512-4A/SCr/2KLd5jrtOMFzaKjVtAei3+2r/NChoBNoZ3EyP/+GlhoaEGoWOZUmFmoITP7zOJyHIMm+DYRd8o3PvHA==

"@babel/helper-validator-identifier@^7.25.9":
  version "7.25.9"
  resolved "https://registry.npmjs.org/@babel/helper-validator-identifier/-/helper-validator-identifier-7.25.9.tgz#24b64e2c3ec7cd3b3c547729b8d16871f22cbdc7"
  integrity sha512-Ed61U6XJc3CVRfkERJWDz4dJwKe7iLmmJsbOGu9wSloNSFttHV0I8g6UAgb7qnK5ly5bGLPd4oXZlxCdANBOWQ==

"@babel/parser@^7.25.3":
  version "7.26.9"
  resolved "https://registry.npmjs.org/@babel/parser/-/parser-7.26.9.tgz#d9e78bee6dc80f9efd8f2349dcfbbcdace280fd5"
  integrity sha512-81NWa1njQblgZbQHxWHpxxCzNsa3ZwvFqpUg7P+NNUU6f3UU2jBEg4OlF/J6rl8+PQGh1q6/zWScd001YwcA5A==
  dependencies:
    "@babel/types" "^7.26.9"

"@babel/types@^7.26.9":
  version "7.26.9"
  resolved "https://registry.npmjs.org/@babel/types/-/types-7.26.9.tgz#08b43dec79ee8e682c2ac631c010bdcac54a21ce"
  integrity sha512-Y3IR1cRnOxOCDvMmNiym7XpXQ93iGDDPHx+Zj+NM+rg0fBaShfQLkg+hKPaZCEvg5N/LeCo4+Rj/i3FuJsIQaw==
  dependencies:
    "@babel/helper-string-parser" "^7.25.9"
    "@babel/helper-validator-identifier" "^7.25.9"

"@esbuild/aix-ppc64@0.25.1":
  version "0.25.1"
  resolved "https://registry.yarnpkg.com/@esbuild/aix-ppc64/-/aix-ppc64-0.25.1.tgz#c33cf6bbee34975626b01b80451cbb72b4c6c91d"
  integrity sha512-kfYGy8IdzTGy+z0vFGvExZtxkFlA4zAxgKEahG9KE1ScBjpQnFsNOX8KTU5ojNru5ed5CVoJYXFtoxaq5nFbjQ==

"@esbuild/android-arm64@0.25.1":
  version "0.25.1"
  resolved "https://registry.yarnpkg.com/@esbuild/android-arm64/-/android-arm64-0.25.1.tgz#ea766015c7d2655164f22100d33d7f0308a28d6d"
  integrity sha512-50tM0zCJW5kGqgG7fQ7IHvQOcAn9TKiVRuQ/lN0xR+T2lzEFvAi1ZcS8DiksFcEpf1t/GYOeOfCAgDHFpkiSmA==

"@esbuild/android-arm@0.25.1":
  version "0.25.1"
  resolved "https://registry.yarnpkg.com/@esbuild/android-arm/-/android-arm-0.25.1.tgz#e84d2bf2fe2e6177a0facda3a575b2139fd3cb9c"
  integrity sha512-dp+MshLYux6j/JjdqVLnMglQlFu+MuVeNrmT5nk6q07wNhCdSnB7QZj+7G8VMUGh1q+vj2Bq8kRsuyA00I/k+Q==

"@esbuild/android-x64@0.25.1":
  version "0.25.1"
  resolved "https://registry.yarnpkg.com/@esbuild/android-x64/-/android-x64-0.25.1.tgz#58337bee3bc6d78d10425e5500bd11370cfdfbed"
  integrity sha512-GCj6WfUtNldqUzYkN/ITtlhwQqGWu9S45vUXs7EIYf+7rCiiqH9bCloatO9VhxsL0Pji+PF4Lz2XXCES+Q8hDw==

"@esbuild/darwin-arm64@0.25.1":
  version "0.25.1"
  resolved "https://registry.yarnpkg.com/@esbuild/darwin-arm64/-/darwin-arm64-0.25.1.tgz#a46805c1c585d451aa83be72500bd6e8495dd591"
  integrity sha512-5hEZKPf+nQjYoSr/elb62U19/l1mZDdqidGfmFutVUjjUZrOazAtwK+Kr+3y0C/oeJfLlxo9fXb1w7L+P7E4FQ==

"@esbuild/darwin-x64@0.25.1":
  version "0.25.1"
  resolved "https://registry.yarnpkg.com/@esbuild/darwin-x64/-/darwin-x64-0.25.1.tgz#0643e003bb238c63fc93ddbee7d26a003be3cd98"
  integrity sha512-hxVnwL2Dqs3fM1IWq8Iezh0cX7ZGdVhbTfnOy5uURtao5OIVCEyj9xIzemDi7sRvKsuSdtCAhMKarxqtlyVyfA==

"@esbuild/freebsd-arm64@0.25.1":
  version "0.25.1"
  resolved "https://registry.yarnpkg.com/@esbuild/freebsd-arm64/-/freebsd-arm64-0.25.1.tgz#cff18da5469c09986b93e87979de5d6872fe8f8e"
  integrity sha512-1MrCZs0fZa2g8E+FUo2ipw6jw5qqQiH+tERoS5fAfKnRx6NXH31tXBKI3VpmLijLH6yriMZsxJtaXUyFt/8Y4A==

"@esbuild/freebsd-x64@0.25.1":
  version "0.25.1"
  resolved "https://registry.yarnpkg.com/@esbuild/freebsd-x64/-/freebsd-x64-0.25.1.tgz#362fc09c2de14987621c1878af19203c46365dde"
  integrity sha512-0IZWLiTyz7nm0xuIs0q1Y3QWJC52R8aSXxe40VUxm6BB1RNmkODtW6LHvWRrGiICulcX7ZvyH6h5fqdLu4gkww==

"@esbuild/linux-arm64@0.25.1":
  version "0.25.1"
  resolved "https://registry.yarnpkg.com/@esbuild/linux-arm64/-/linux-arm64-0.25.1.tgz#aa90d5b02efc97a271e124e6d1cea490634f7498"
  integrity sha512-jaN3dHi0/DDPelk0nLcXRm1q7DNJpjXy7yWaWvbfkPvI+7XNSc/lDOnCLN7gzsyzgu6qSAmgSvP9oXAhP973uQ==

"@esbuild/linux-arm@0.25.1":
  version "0.25.1"
  resolved "https://registry.yarnpkg.com/@esbuild/linux-arm/-/linux-arm-0.25.1.tgz#dfcefcbac60a20918b19569b4b657844d39db35a"
  integrity sha512-NdKOhS4u7JhDKw9G3cY6sWqFcnLITn6SqivVArbzIaf3cemShqfLGHYMx8Xlm/lBit3/5d7kXvriTUGa5YViuQ==

"@esbuild/linux-ia32@0.25.1":
  version "0.25.1"
  resolved "https://registry.yarnpkg.com/@esbuild/linux-ia32/-/linux-ia32-0.25.1.tgz#6f9527077ccb7953ed2af02e013d4bac69f13754"
  integrity sha512-OJykPaF4v8JidKNGz8c/q1lBO44sQNUQtq1KktJXdBLn1hPod5rE/Hko5ugKKZd+D2+o1a9MFGUEIUwO2YfgkQ==

"@esbuild/linux-loong64@0.25.1":
  version "0.25.1"
  resolved "https://registry.yarnpkg.com/@esbuild/linux-loong64/-/linux-loong64-0.25.1.tgz#287d2412a5456e5860c2839d42a4b51284d1697c"
  integrity sha512-nGfornQj4dzcq5Vp835oM/o21UMlXzn79KobKlcs3Wz9smwiifknLy4xDCLUU0BWp7b/houtdrgUz7nOGnfIYg==

"@esbuild/linux-mips64el@0.25.1":
  version "0.25.1"
  resolved "https://registry.yarnpkg.com/@esbuild/linux-mips64el/-/linux-mips64el-0.25.1.tgz#530574b9e1bc5d20f7a4f44c5f045e26f3783d57"
  integrity sha512-1osBbPEFYwIE5IVB/0g2X6i1qInZa1aIoj1TdL4AaAb55xIIgbg8Doq6a5BzYWgr+tEcDzYH67XVnTmUzL+nXg==

"@esbuild/linux-ppc64@0.25.1":
  version "0.25.1"
  resolved "https://registry.yarnpkg.com/@esbuild/linux-ppc64/-/linux-ppc64-0.25.1.tgz#5d7e6b283a0b321ea42c6bc0abeb9eb99c1f5589"
  integrity sha512-/6VBJOwUf3TdTvJZ82qF3tbLuWsscd7/1w+D9LH0W/SqUgM5/JJD0lrJ1fVIfZsqB6RFmLCe0Xz3fmZc3WtyVg==

"@esbuild/linux-riscv64@0.25.1":
  version "0.25.1"
  resolved "https://registry.yarnpkg.com/@esbuild/linux-riscv64/-/linux-riscv64-0.25.1.tgz#14fa0cd073c26b4ee2465d18cd1e18eea7859fa8"
  integrity sha512-nSut/Mx5gnilhcq2yIMLMe3Wl4FK5wx/o0QuuCLMtmJn+WeWYoEGDN1ipcN72g1WHsnIbxGXd4i/MF0gTcuAjQ==

"@esbuild/linux-s390x@0.25.1":
  version "0.25.1"
  resolved "https://registry.yarnpkg.com/@esbuild/linux-s390x/-/linux-s390x-0.25.1.tgz#e677b4b9d1b384098752266ccaa0d52a420dc1aa"
  integrity sha512-cEECeLlJNfT8kZHqLarDBQso9a27o2Zd2AQ8USAEoGtejOrCYHNtKP8XQhMDJMtthdF4GBmjR2au3x1udADQQQ==

"@esbuild/linux-x64@0.25.1":
  version "0.25.1"
  resolved "https://registry.yarnpkg.com/@esbuild/linux-x64/-/linux-x64-0.25.1.tgz#f1c796b78fff5ce393658313e8c58613198d9954"
  integrity sha512-xbfUhu/gnvSEg+EGovRc+kjBAkrvtk38RlerAzQxvMzlB4fXpCFCeUAYzJvrnhFtdeyVCDANSjJvOvGYoeKzFA==

"@esbuild/netbsd-arm64@0.25.1":
  version "0.25.1"
  resolved "https://registry.yarnpkg.com/@esbuild/netbsd-arm64/-/netbsd-arm64-0.25.1.tgz#0d280b7dfe3973f111b02d5fe9f3063b92796d29"
  integrity sha512-O96poM2XGhLtpTh+s4+nP7YCCAfb4tJNRVZHfIE7dgmax+yMP2WgMd2OecBuaATHKTHsLWHQeuaxMRnCsH8+5g==

"@esbuild/netbsd-x64@0.25.1":
  version "0.25.1"
  resolved "https://registry.yarnpkg.com/@esbuild/netbsd-x64/-/netbsd-x64-0.25.1.tgz#be663893931a4bb3f3a009c5cc24fa9681cc71c0"
  integrity sha512-X53z6uXip6KFXBQ+Krbx25XHV/NCbzryM6ehOAeAil7X7oa4XIq+394PWGnwaSQ2WRA0KI6PUO6hTO5zeF5ijA==

"@esbuild/openbsd-arm64@0.25.1":
  version "0.25.1"
  resolved "https://registry.yarnpkg.com/@esbuild/openbsd-arm64/-/openbsd-arm64-0.25.1.tgz#d9021b884233673a05dc1cc26de0bf325d824217"
  integrity sha512-Na9T3szbXezdzM/Kfs3GcRQNjHzM6GzFBeU1/6IV/npKP5ORtp9zbQjvkDJ47s6BCgaAZnnnu/cY1x342+MvZg==

"@esbuild/openbsd-x64@0.25.1":
  version "0.25.1"
  resolved "https://registry.yarnpkg.com/@esbuild/openbsd-x64/-/openbsd-x64-0.25.1.tgz#9f1dc1786ed2e2938c404b06bcc48be9a13250de"
  integrity sha512-T3H78X2h1tszfRSf+txbt5aOp/e7TAz3ptVKu9Oyir3IAOFPGV6O9c2naym5TOriy1l0nNf6a4X5UXRZSGX/dw==

"@esbuild/sunos-x64@0.25.1":
  version "0.25.1"
  resolved "https://registry.yarnpkg.com/@esbuild/sunos-x64/-/sunos-x64-0.25.1.tgz#89aac24a4b4115959b3f790192cf130396696c27"
  integrity sha512-2H3RUvcmULO7dIE5EWJH8eubZAI4xw54H1ilJnRNZdeo8dTADEZ21w6J22XBkXqGJbe0+wnNJtw3UXRoLJnFEg==

"@esbuild/win32-arm64@0.25.1":
  version "0.25.1"
  resolved "https://registry.yarnpkg.com/@esbuild/win32-arm64/-/win32-arm64-0.25.1.tgz#354358647a6ea98ea6d243bf48bdd7a434999582"
  integrity sha512-GE7XvrdOzrb+yVKB9KsRMq+7a2U/K5Cf/8grVFRAGJmfADr/e/ODQ134RK2/eeHqYV5eQRFxb1hY7Nr15fv1NQ==

"@esbuild/win32-ia32@0.25.1":
  version "0.25.1"
  resolved "https://registry.yarnpkg.com/@esbuild/win32-ia32/-/win32-ia32-0.25.1.tgz#8cea7340f2647eba951a041dc95651e3908cd4cb"
  integrity sha512-uOxSJCIcavSiT6UnBhBzE8wy3n0hOkJsBOzy7HDAuTDE++1DJMRRVCPGisULScHL+a/ZwdXPpXD3IyFKjA7K8A==

"@esbuild/win32-x64@0.25.1":
  version "0.25.1"
  resolved "https://registry.yarnpkg.com/@esbuild/win32-x64/-/win32-x64-0.25.1.tgz#7d79922cb2d88f9048f06393dbf62d2e4accb584"
  integrity sha512-Y1EQdcfwMSeQN/ujR5VayLOJ1BHaK+ssyk0AEzPjC+t1lITgsnccPqFjb6V+LsTp/9Iov4ysfjxLaGJ9RPtkVg==

"@rollup/rollup-android-arm-eabi@4.36.0":
  version "4.36.0"
  resolved "https://registry.yarnpkg.com/@rollup/rollup-android-arm-eabi/-/rollup-android-arm-eabi-4.36.0.tgz#6229c36cddc172c468f53107f2b7aebe2585609b"
  integrity sha512-jgrXjjcEwN6XpZXL0HUeOVGfjXhPyxAbbhD0BlXUB+abTOpbPiN5Wb3kOT7yb+uEtATNYF5x5gIfwutmuBA26w==

"@rollup/rollup-android-arm64@4.36.0":
  version "4.36.0"
  resolved "https://registry.yarnpkg.com/@rollup/rollup-android-arm64/-/rollup-android-arm64-4.36.0.tgz#d38163692d0729bd64a026c13749ecac06f847e8"
  integrity sha512-NyfuLvdPdNUfUNeYKUwPwKsE5SXa2J6bCt2LdB/N+AxShnkpiczi3tcLJrm5mA+eqpy0HmaIY9F6XCa32N5yzg==

"@rollup/rollup-darwin-arm64@4.36.0":
  version "4.36.0"
  resolved "https://registry.yarnpkg.com/@rollup/rollup-darwin-arm64/-/rollup-darwin-arm64-4.36.0.tgz#82601b8ff81f3dbaef28017aa3d0e9709edc99c0"
  integrity sha512-JQ1Jk5G4bGrD4pWJQzWsD8I1n1mgPXq33+/vP4sk8j/z/C2siRuxZtaUA7yMTf71TCZTZl/4e1bfzwUmFb3+rw==

"@rollup/rollup-darwin-x64@4.36.0":
  version "4.36.0"
  resolved "https://registry.yarnpkg.com/@rollup/rollup-darwin-x64/-/rollup-darwin-x64-4.36.0.tgz#0e961354fb2bf26d691810ca61dc861d9a1e94b2"
  integrity sha512-6c6wMZa1lrtiRsbDziCmjE53YbTkxMYhhnWnSW8R/yqsM7a6mSJ3uAVT0t8Y/DGt7gxUWYuFM4bwWk9XCJrFKA==

"@rollup/rollup-freebsd-arm64@4.36.0":
  version "4.36.0"
  resolved "https://registry.yarnpkg.com/@rollup/rollup-freebsd-arm64/-/rollup-freebsd-arm64-4.36.0.tgz#6aee296cd6b8c39158d377c89b7e0cd0851dd7c7"
  integrity sha512-KXVsijKeJXOl8QzXTsA+sHVDsFOmMCdBRgFmBb+mfEb/7geR7+C8ypAml4fquUt14ZyVXaw2o1FWhqAfOvA4sg==

"@rollup/rollup-freebsd-x64@4.36.0":
  version "4.36.0"
  resolved "https://registry.yarnpkg.com/@rollup/rollup-freebsd-x64/-/rollup-freebsd-x64-4.36.0.tgz#432e49d93942225ac1b4d98254a6fb6ca0afcd17"
  integrity sha512-dVeWq1ebbvByI+ndz4IJcD4a09RJgRYmLccwlQ8bPd4olz3Y213uf1iwvc7ZaxNn2ab7bjc08PrtBgMu6nb4pQ==

"@rollup/rollup-linux-arm-gnueabihf@4.36.0":
  version "4.36.0"
  resolved "https://registry.yarnpkg.com/@rollup/rollup-linux-arm-gnueabihf/-/rollup-linux-arm-gnueabihf-4.36.0.tgz#a66910c6c63b46d45f239528ad5509097f8df885"
  integrity sha512-bvXVU42mOVcF4le6XSjscdXjqx8okv4n5vmwgzcmtvFdifQ5U4dXFYaCB87namDRKlUL9ybVtLQ9ztnawaSzvg==

"@rollup/rollup-linux-arm-musleabihf@4.36.0":
  version "4.36.0"
  resolved "https://registry.yarnpkg.com/@rollup/rollup-linux-arm-musleabihf/-/rollup-linux-arm-musleabihf-4.36.0.tgz#1cfadc70d44501b0a58615a460cf1b6ec8cfddf3"
  integrity sha512-JFIQrDJYrxOnyDQGYkqnNBtjDwTgbasdbUiQvcU8JmGDfValfH1lNpng+4FWlhaVIR4KPkeddYjsVVbmJYvDcg==

"@rollup/rollup-linux-arm64-gnu@4.36.0":
  version "4.36.0"
  resolved "https://registry.yarnpkg.com/@rollup/rollup-linux-arm64-gnu/-/rollup-linux-arm64-gnu-4.36.0.tgz#d32e42b25216472dfdc5cb7df6a37667766d3855"
  integrity sha512-KqjYVh3oM1bj//5X7k79PSCZ6CvaVzb7Qs7VMWS+SlWB5M8p3FqufLP9VNp4CazJ0CsPDLwVD9r3vX7Ci4J56A==

"@rollup/rollup-linux-arm64-musl@4.36.0":
  version "4.36.0"
  resolved "https://registry.yarnpkg.com/@rollup/rollup-linux-arm64-musl/-/rollup-linux-arm64-musl-4.36.0.tgz#d742917d61880941be26ff8d3352d935139188b9"
  integrity sha512-QiGnhScND+mAAtfHqeT+cB1S9yFnNQ/EwCg5yE3MzoaZZnIV0RV9O5alJAoJKX/sBONVKeZdMfO8QSaWEygMhw==

"@rollup/rollup-linux-loongarch64-gnu@4.36.0":
  version "4.36.0"
  resolved "https://registry.yarnpkg.com/@rollup/rollup-linux-loongarch64-gnu/-/rollup-linux-loongarch64-gnu-4.36.0.tgz#9ad12d1a5d3abf4ecb90fbe1a49249608cee8cbb"
  integrity sha512-1ZPyEDWF8phd4FQtTzMh8FQwqzvIjLsl6/84gzUxnMNFBtExBtpL51H67mV9xipuxl1AEAerRBgBwFNpkw8+Lg==

"@rollup/rollup-linux-powerpc64le-gnu@4.36.0":
  version "4.36.0"
  resolved "https://registry.yarnpkg.com/@rollup/rollup-linux-powerpc64le-gnu/-/rollup-linux-powerpc64le-gnu-4.36.0.tgz#c3ca6f5ce4a8b785dd450113660d9529a75fdf2a"
  integrity sha512-VMPMEIUpPFKpPI9GZMhJrtu8rxnp6mJR3ZzQPykq4xc2GmdHj3Q4cA+7avMyegXy4n1v+Qynr9fR88BmyO74tg==

"@rollup/rollup-linux-riscv64-gnu@4.36.0":
  version "4.36.0"
  resolved "https://registry.yarnpkg.com/@rollup/rollup-linux-riscv64-gnu/-/rollup-linux-riscv64-gnu-4.36.0.tgz#05eb5e71db5b5b1d1a3428265a63c5f6f8a1e4b8"
  integrity sha512-ttE6ayb/kHwNRJGYLpuAvB7SMtOeQnVXEIpMtAvx3kepFQeowVED0n1K9nAdraHUPJ5hydEMxBpIR7o4nrm8uA==

"@rollup/rollup-linux-s390x-gnu@4.36.0":
  version "4.36.0"
  resolved "https://registry.yarnpkg.com/@rollup/rollup-linux-s390x-gnu/-/rollup-linux-s390x-gnu-4.36.0.tgz#6fa895f181fa6804bc6ca27c0e9a6823355436dd"
  integrity sha512-4a5gf2jpS0AIe7uBjxDeUMNcFmaRTbNv7NxI5xOCs4lhzsVyGR/0qBXduPnoWf6dGC365saTiwag8hP1imTgag==

"@rollup/rollup-linux-x64-gnu@4.36.0":
  version "4.36.0"
  resolved "https://registry.yarnpkg.com/@rollup/rollup-linux-x64-gnu/-/rollup-linux-x64-gnu-4.36.0.tgz#d2e69f7598c71f03287b763fdbefce4163f07419"
  integrity sha512-5KtoW8UWmwFKQ96aQL3LlRXX16IMwyzMq/jSSVIIyAANiE1doaQsx/KRyhAvpHlPjPiSU/AYX/8m+lQ9VToxFQ==

"@rollup/rollup-linux-x64-musl@4.36.0":
  version "4.36.0"
  resolved "https://registry.yarnpkg.com/@rollup/rollup-linux-x64-musl/-/rollup-linux-x64-musl-4.36.0.tgz#9eb0075deaabf5d88a9dc8b61bd7bd122ac64ef9"
  integrity sha512-sycrYZPrv2ag4OCvaN5js+f01eoZ2U+RmT5as8vhxiFz+kxwlHrsxOwKPSA8WyS+Wc6Epid9QeI/IkQ9NkgYyQ==

"@rollup/rollup-win32-arm64-msvc@4.36.0":
  version "4.36.0"
  resolved "https://registry.yarnpkg.com/@rollup/rollup-win32-arm64-msvc/-/rollup-win32-arm64-msvc-4.36.0.tgz#bfda7178ed8cb8fa8786474a02eae9fc8649a74d"
  integrity sha512-qbqt4N7tokFwwSVlWDsjfoHgviS3n/vZ8LK0h1uLG9TYIRuUTJC88E1xb3LM2iqZ/WTqNQjYrtmtGmrmmawB6A==

"@rollup/rollup-win32-ia32-msvc@4.36.0":
  version "4.36.0"
  resolved "https://registry.yarnpkg.com/@rollup/rollup-win32-ia32-msvc/-/rollup-win32-ia32-msvc-4.36.0.tgz#8e12739b9c43de8f0690b280c676af3de571cee0"
  integrity sha512-t+RY0JuRamIocMuQcfwYSOkmdX9dtkr1PbhKW42AMvaDQa+jOdpUYysroTF/nuPpAaQMWp7ye+ndlmmthieJrQ==

"@rollup/rollup-win32-x64-msvc@4.36.0":
  version "4.36.0"
  resolved "https://registry.yarnpkg.com/@rollup/rollup-win32-x64-msvc/-/rollup-win32-x64-msvc-4.36.0.tgz#88b23fe29d28fa647030b36e912c1b5b50831b1d"
  integrity sha512-aRXd7tRZkWLqGbChgcMMDEHjOKudo1kChb1Jt1IfR8cY/KIpgNviLeJy5FUb9IpSuQj8dU2fAYNMPW/hLKOSTw==

"@types/estree@1.0.6":
  version "1.0.6"
  resolved "https://registry.yarnpkg.com/@types/estree/-/estree-1.0.6.tgz#628effeeae2064a1b4e79f78e81d87b7e5fc7b50"
  integrity sha512-AYnb1nQyY49te+VRAVgmzfcgjYS91mY5P0TKUDCLEM+gNnA+3T6rWITXRLYCpahpqSQbN5cE+gHpnPyXjHWxcw==

"@types/node@^18.18.6":
  version "18.19.76"
  resolved "https://registry.npmjs.org/@types/node/-/node-18.19.76.tgz#7991658e0ba41ad30cc8be01c9bbe580d58f2112"
  integrity sha512-yvR7Q9LdPz2vGpmpJX5LolrgRdWvB67MJKDPSgIIzpFbaf9a1j/f5DnLp5VDyHGMR0QZHlTr1afsD87QCXFHKw==
  dependencies:
    undici-types "~5.26.4"

"@types/ovenplayer@^0.10.8":
  version "0.10.12"
  resolved "https://registry.npmjs.org/@types/ovenplayer/-/ovenplayer-0.10.12.tgz#d9c5c4c7e384e57fa19da824202a2a6c5ec86dd7"
  integrity sha512-8DHfi+SzoNNCkydtshSCc7hKMMPfQ5jRUORv2O7XPyAqJkU258zuMjwFc94j1pZI9XgGuOv3PVJhAmMPko4LPw==

"@vitejs/plugin-vue@^5.2.2":
  version "5.2.2"
  resolved "https://registry.yarnpkg.com/@vitejs/plugin-vue/-/plugin-vue-5.2.2.tgz#001dda4e6229ea17972f4a1fb04090674523c6ad"
  integrity sha512-IY0aPonWZI2huxrWjoSBUQX14GThitmr1sc2OUJymcgnY5RlUI7HoXGAnFEoVNRsck/kS6inGvxCN6CoHu86yQ==

"@volar/language-core@2.4.11", "@volar/language-core@~2.4.11":
  version "2.4.11"
  resolved "https://registry.npmjs.org/@volar/language-core/-/language-core-2.4.11.tgz#d95a9ec4f14fbdb41a6a64f9f321d11d23a5291c"
  integrity sha512-lN2C1+ByfW9/JRPpqScuZt/4OrUUse57GLI6TbLgTIqBVemdl1wNcZ1qYGEo2+Gw8coYLgCy7SuKqn6IrQcQgg==
  dependencies:
    "@volar/source-map" "2.4.11"

"@volar/source-map@2.4.11":
  version "2.4.11"
  resolved "https://registry.npmjs.org/@volar/source-map/-/source-map-2.4.11.tgz#5876d4531508129724c2755e295db1df98bd5895"
  integrity sha512-ZQpmafIGvaZMn/8iuvCFGrW3smeqkq/IIh9F1SdSx9aUl0J4Iurzd6/FhmjNO5g2ejF3rT45dKskgXWiofqlZQ==

"@volar/typescript@~2.4.11":
  version "2.4.11"
  resolved "https://registry.npmjs.org/@volar/typescript/-/typescript-2.4.11.tgz#aafbfa413337654db211bf4d8fb6670c89f6fa57"
  integrity sha512-2DT+Tdh88Spp5PyPbqhyoYavYCPDsqbHLFwcUI9K1NlY1YgUJvujGdrqUp0zWxnW7KWNTr3xSpMuv2WnaTKDAw==
  dependencies:
    "@volar/language-core" "2.4.11"
    path-browserify "^1.0.1"
    vscode-uri "^3.0.8"

"@vue/compiler-core@3.5.13":
  version "3.5.13"
  resolved "https://registry.npmjs.org/@vue/compiler-core/-/compiler-core-3.5.13.tgz#b0ae6c4347f60c03e849a05d34e5bf747c9bda05"
  integrity sha512-oOdAkwqUfW1WqpwSYJce06wvt6HljgY3fGeM9NcVA1HaYOij3mZG9Rkysn0OHuyUAGMbEbARIpsG+LPVlBJ5/Q==
  dependencies:
    "@babel/parser" "^7.25.3"
    "@vue/shared" "3.5.13"
    entities "^4.5.0"
    estree-walker "^2.0.2"
    source-map-js "^1.2.0"

"@vue/compiler-dom@^3.5.0":
  version "3.5.13"
  resolved "https://registry.npmjs.org/@vue/compiler-dom/-/compiler-dom-3.5.13.tgz#bb1b8758dbc542b3658dda973b98a1c9311a8a58"
  integrity sha512-ZOJ46sMOKUjO3e94wPdCzQ6P1Lx/vhp2RSvfaab88Ajexs0AHeV0uasYhi99WPaogmBlRHNRuly8xV75cNTMDA==
  dependencies:
    "@vue/compiler-core" "3.5.13"
    "@vue/shared" "3.5.13"

"@vue/compiler-vue2@^2.7.16":
  version "2.7.16"
  resolved "https://registry.npmjs.org/@vue/compiler-vue2/-/compiler-vue2-2.7.16.tgz#2ba837cbd3f1b33c2bc865fbe1a3b53fb611e249"
  integrity sha512-qYC3Psj9S/mfu9uVi5WvNZIzq+xnXMhOwbTFKKDD7b1lhpnn71jXSFdTQ+WsIEk0ONCd7VV2IMm7ONl6tbQ86A==
  dependencies:
    de-indent "^1.0.2"
    he "^1.2.0"

"@vue/language-core@2.2.2":
  version "2.2.2"
  resolved "https://registry.npmjs.org/@vue/language-core/-/language-core-2.2.2.tgz#aa0e916bf18434077887e8ba269729b45564f625"
  integrity sha512-QotO41kurE5PLf3vrNgGTk3QswO2PdUFjBwNiOi7zMmGhwb25PSTh9hD1MCgKC06AVv+8sZQvlL3Do4TTVHSiQ==
  dependencies:
    "@volar/language-core" "~2.4.11"
    "@vue/compiler-dom" "^3.5.0"
    "@vue/compiler-vue2" "^2.7.16"
    "@vue/shared" "^3.5.0"
    alien-signals "^1.0.3"
    minimatch "^9.0.3"
    muggle-string "^0.4.1"
    path-browserify "^1.0.1"

"@vue/shared@3.5.13", "@vue/shared@^3.5.0":
  version "3.5.13"
  resolved "https://registry.npmjs.org/@vue/shared/-/shared-3.5.13.tgz#87b309a6379c22b926e696893237826f64339b6f"
  integrity sha512-/hnE/qP5ZoGpol0a5mDi45bOd7t3tjYJBjsgCsivow7D48cJeV5l05RD82lPqi7gRiphZM37rnhW1l6ZoCNNnQ==

alien-signals@^1.0.3:
  version "1.0.3"
  resolved "https://registry.npmjs.org/alien-signals/-/alien-signals-1.0.3.tgz#c9bee367ccbd3801cfde8ad3cbedaa2a6ad343b1"
  integrity sha512-zQOh3wAYK5ujENxvBBR3CFGF/b6afaSzZ/c9yNhJ1ENrGHETvpUuKQsa93Qrclp0+PzTF93MaZ7scVp1uUozhA==

balanced-match@^1.0.0:
  version "1.0.2"
  resolved "https://registry.npmjs.org/balanced-match/-/balanced-match-1.0.2.tgz#e83e3a7e3f300b34cb9d87f615fa0cbf357690ee"
  integrity sha512-3oSeUO0TMV67hN1AmbXsK4yaqU7tjiHlbxRDZOpH0KW9+CeX4bRAaX0Anxt0tx2MrpRpWwQaPwIlISEJhYU5Pw==

brace-expansion@^2.0.1:
  version "2.0.1"
  resolved "https://registry.npmjs.org/brace-expansion/-/brace-expansion-2.0.1.tgz#1edc459e0f0c548486ecf9fc99f2221364b9a0ae"
  integrity sha512-XnAIvQ8eM+kC6aULx6wuQiwVsnzsi9d3WxzV3FpWTGA19F621kwdbsAcFKXgKUHZWsy+mY6iL1sHTxWEFCytDA==
  dependencies:
    balanced-match "^1.0.0"

core-js@^3.16.3:
  version "3.40.0"
  resolved "https://registry.npmjs.org/core-js/-/core-js-3.40.0.tgz#2773f6b06877d8eda102fc42f828176437062476"
  integrity sha512-7vsMc/Lty6AGnn7uFpYT56QesI5D2Y/UkgKounk87OP9Z2H9Z8kj6jzcSGAxFmUtDOS0ntK6lbQz+Nsa0Jj6mQ==

de-indent@^1.0.2:
  version "1.0.2"
  resolved "https://registry.npmjs.org/de-indent/-/de-indent-1.0.2.tgz#b2038e846dc33baa5796128d0804b455b8c1e21d"
  integrity sha512-e/1zu3xH5MQryN2zdVaF0OrdNLUbvWxzMbi+iNA6Bky7l1RoP8a2fIbRocyHclXt/arDrrR6lL3TqFD9pMQTsg==

entities@^4.5.0:
  version "4.5.0"
  resolved "https://registry.npmjs.org/entities/-/entities-4.5.0.tgz#5d268ea5e7113ec74c4d033b79ea5a35a488fb48"
  integrity sha512-V0hjH4dGPh9Ao5p0MoRY6BVqtwCjhz6vI5LT8AJ55H+4g9/4vbHx1I54fS0XuclLhDHArPQCiMjDxjaL8fPxhw==

esbuild@^0.25.0:
  version "0.25.1"
  resolved "https://registry.yarnpkg.com/esbuild/-/esbuild-0.25.1.tgz#a16b8d070b6ad4871935277bda6ccfe852e3fa2f"
  integrity sha512-BGO5LtrGC7vxnqucAe/rmvKdJllfGaYWdyABvyMoXQlfYMb2bbRuReWR5tEGE//4LcNJj9XrkovTqNYRFZHAMQ==
  optionalDependencies:
    "@esbuild/aix-ppc64" "0.25.1"
    "@esbuild/android-arm" "0.25.1"
    "@esbuild/android-arm64" "0.25.1"
    "@esbuild/android-x64" "0.25.1"
    "@esbuild/darwin-arm64" "0.25.1"
    "@esbuild/darwin-x64" "0.25.1"
    "@esbuild/freebsd-arm64" "0.25.1"
    "@esbuild/freebsd-x64" "0.25.1"
    "@esbuild/linux-arm" "0.25.1"
    "@esbuild/linux-arm64" "0.25.1"
    "@esbuild/linux-ia32" "0.25.1"
    "@esbuild/linux-loong64" "0.25.1"
    "@esbuild/linux-mips64el" "0.25.1"
    "@esbuild/linux-ppc64" "0.25.1"
    "@esbuild/linux-riscv64" "0.25.1"
    "@esbuild/linux-s390x" "0.25.1"
    "@esbuild/linux-x64" "0.25.1"
    "@esbuild/netbsd-arm64" "0.25.1"
    "@esbuild/netbsd-x64" "0.25.1"
    "@esbuild/openbsd-arm64" "0.25.1"
    "@esbuild/openbsd-x64" "0.25.1"
    "@esbuild/sunos-x64" "0.25.1"
    "@esbuild/win32-arm64" "0.25.1"
    "@esbuild/win32-ia32" "0.25.1"
    "@esbuild/win32-x64" "0.25.1"

estree-walker@^2.0.2:
  version "2.0.2"
  resolved "https://registry.npmjs.org/estree-walker/-/estree-walker-2.0.2.tgz#52f010178c2a4c117a7757cfe942adb7d2da4cac"
  integrity sha512-Rfkk/Mp/DL7JVje3u18FxFujQlTNR2q6QfMSMB7AvCBx91NGj/ba3kCfza0f6dVDbw7YlRf/nDrn7pQrCCyQ/w==

fsevents@~2.3.2, fsevents@~2.3.3:
  version "2.3.3"
  resolved "https://registry.yarnpkg.com/fsevents/-/fsevents-2.3.3.tgz#cac6407785d03675a2a5e1a5305c697b347d90d6"
  integrity sha512-5xoDfX+fL7faATnagmWPpbFtwh/R77WmMMqqHGS65C3vvB0YHrgF+B1YmZ3441tMj5n63k0212XNoJwzlhffQw==

he@^1.2.0:
  version "1.2.0"
  resolved "https://registry.npmjs.org/he/-/he-1.2.0.tgz#84ae65fa7eafb165fddb61566ae14baf05664f0f"
  integrity sha512-F/1DnUGPopORZi0ni+CvrCgHQ5FyEAHRLSApuYWMmrbSwoN2Mn/7k+Gl38gJnR7yyDZk6WLXwiGod1JOWNDKGw==

minimatch@^9.0.3:
  version "9.0.5"
  resolved "https://registry.npmjs.org/minimatch/-/minimatch-9.0.5.tgz#d74f9dd6b57d83d8e98cfb82133b03978bc929e5"
  integrity sha512-G6T0ZX48xgozx7587koeX9Ys2NYy6Gmv//P89sEte9V9whIapMNF4idKxnW2QtCcLiTWlb/wfCabAtAFWhhBow==
  dependencies:
    brace-expansion "^2.0.1"

muggle-string@^0.4.1:
  version "0.4.1"
  resolved "https://registry.npmjs.org/muggle-string/-/muggle-string-0.4.1.tgz#3b366bd43b32f809dc20659534dd30e7c8a0d328"
  integrity sha512-VNTrAak/KhO2i8dqqnqnAHOa3cYBwXEZe9h+D5h/1ZqFSTEFHdM65lR7RoIqq3tBBYavsOXV84NoHXZ0AkPyqQ==

nanoid@^3.3.8:
  version "3.3.8"
  resolved "https://registry.npmjs.org/nanoid/-/nanoid-3.3.8.tgz#b1be3030bee36aaff18bacb375e5cce521684baf"
  integrity sha512-WNLf5Sd8oZxOm+TzppcYk8gVOgP+l58xNy58D0nbUnOxOWRWvlcCV4kUF7ltmI6PsrLl/BgKEyS4mqsGChFN0w==

ovenplayer@^0.10.31:
  version "0.10.39"
  resolved "https://registry.npmjs.org/ovenplayer/-/ovenplayer-0.10.39.tgz#2637171d6f76916aec6e9fdac5ff4cb0cf80a7a3"
  integrity sha512-CPNajAyuEqkpzBobAcoJDso6kJHLyTl3ZUnx8NXgi3D5DYhbBOblZWA3fB5Jycqd4reUUFrC1Y+VbYgWHH6Qpg==
  dependencies:
    core-js "^3.16.3"
    whatwg-fetch "^3.6.2"

path-browserify@^1.0.1:
  version "1.0.1"
  resolved "https://registry.npmjs.org/path-browserify/-/path-browserify-1.0.1.tgz#d98454a9c3753d5790860f16f68867b9e46be1fd"
  integrity sha512-b7uo2UCUOYZcnF/3ID0lulOJi/bafxa1xPe7ZPsammBSpjSWQkjNxlt635YGS2MiR9GjvuXCtz2emr3jbsz98g==

picocolors@^1.1.1:
  version "1.1.1"
  resolved "https://registry.npmjs.org/picocolors/-/picocolors-1.1.1.tgz#3d321af3eab939b083c8f929a1d12cda81c26b6b"
  integrity sha512-xceH2snhtb5M9liqDsmEw56le376mTZkEX/jEb/RxNFyegNul7eNslCXP9FDj/Lcu0X8KEyMceP2ntpaHrDEVA==

postcss@^8.5.3:
  version "8.5.3"
  resolved "https://registry.yarnpkg.com/postcss/-/postcss-8.5.3.tgz#1463b6f1c7fb16fe258736cba29a2de35237eafb"
  integrity sha512-dle9A3yYxlBSrt8Fu+IpjGT8SY8hN0mlaA6GY8t0P5PjIOZemULz/E2Bnm/2dcUOena75OTNkHI76uZBNUUq3A==
  dependencies:
    nanoid "^3.3.8"
    picocolors "^1.1.1"
    source-map-js "^1.2.1"

rollup@^4.30.1:
  version "4.36.0"
  resolved "https://registry.yarnpkg.com/rollup/-/rollup-4.36.0.tgz#f40f4db47ba3b4f5846d32a47e580c0ed7cd8f02"
  integrity sha512-zwATAXNQxUcd40zgtQG0ZafcRK4g004WtEl7kbuhTWPvf07PsfohXl39jVUvPF7jvNAIkKPQ2XrsDlWuxBd++Q==
  dependencies:
    "@types/estree" "1.0.6"
  optionalDependencies:
    "@rollup/rollup-android-arm-eabi" "4.36.0"
    "@rollup/rollup-android-arm64" "4.36.0"
    "@rollup/rollup-darwin-arm64" "4.36.0"
    "@rollup/rollup-darwin-x64" "4.36.0"
    "@rollup/rollup-freebsd-arm64" "4.36.0"
    "@rollup/rollup-freebsd-x64" "4.36.0"
    "@rollup/rollup-linux-arm-gnueabihf" "4.36.0"
    "@rollup/rollup-linux-arm-musleabihf" "4.36.0"
    "@rollup/rollup-linux-arm64-gnu" "4.36.0"
    "@rollup/rollup-linux-arm64-musl" "4.36.0"
    "@rollup/rollup-linux-loongarch64-gnu" "4.36.0"
    "@rollup/rollup-linux-powerpc64le-gnu" "4.36.0"
    "@rollup/rollup-linux-riscv64-gnu" "4.36.0"
    "@rollup/rollup-linux-s390x-gnu" "4.36.0"
    "@rollup/rollup-linux-x64-gnu" "4.36.0"
    "@rollup/rollup-linux-x64-musl" "4.36.0"
    "@rollup/rollup-win32-arm64-msvc" "4.36.0"
    "@rollup/rollup-win32-ia32-msvc" "4.36.0"
    "@rollup/rollup-win32-x64-msvc" "4.36.0"
    fsevents "~2.3.2"

source-map-js@^1.2.0, source-map-js@^1.2.1:
  version "1.2.1"
  resolved "https://registry.npmjs.org/source-map-js/-/source-map-js-1.2.1.tgz#1ce5650fddd87abc099eda37dcff024c2667ae46"
  integrity sha512-UXWMKhLOwVKb728IUtQPXxfYU+usdybtUrK/8uGE8CQMvrhOpwvzDBwj0QhSL7MQc7vIsISBG8VQ8+IDQxpfQA==

typescript@^5.2.2:
  version "5.7.3"
  resolved "https://registry.npmjs.org/typescript/-/typescript-5.7.3.tgz#919b44a7dbb8583a9b856d162be24a54bf80073e"
  integrity sha512-84MVSjMEHP+FQRPy3pX9sTVV/INIex71s9TL2Gm5FG/WG1SqXeKyZ0k7/blY/4FdOzI12CBy1vGc4og/eus0fw==

undici-types@~5.26.4:
  version "5.26.5"
  resolved "https://registry.npmjs.org/undici-types/-/undici-types-5.26.5.tgz#bcd539893d00b56e964fd2657a4866b221a65617"
  integrity sha512-JlCMO+ehdEIKqlFxk6IfVoAUVmgz7cU7zD/h9XZ0qzeosSHmUJVOzSQvvYSYWXkFXC+IfLKSIffhv0sVZup6pA==

vite@^6.2.2:
  version "6.2.2"
  resolved "https://registry.yarnpkg.com/vite/-/vite-6.2.2.tgz#8098b12a6bfd95abe39399aa7d5faa56545d7a1a"
  integrity sha512-yW7PeMM+LkDzc7CgJuRLMW2Jz0FxMOsVJ8Lv3gpgW9WLcb9cTW+121UEr1hvmfR7w3SegR5ItvYyzVz1vxNJgQ==
  dependencies:
    esbuild "^0.25.0"
    postcss "^8.5.3"
    rollup "^4.30.1"
  optionalDependencies:
    fsevents "~2.3.3"

vscode-uri@^3.0.8:
  version "3.1.0"
  resolved "https://registry.npmjs.org/vscode-uri/-/vscode-uri-3.1.0.tgz#dd09ec5a66a38b5c3fffc774015713496d14e09c"
  integrity sha512-/BpdSx+yCQGnCvecbyXdxHDkuk55/G3xwnC0GqY4gmQ3j+A+g8kzzgB4Nk/SINjqn6+waqw3EgbVF2QKExkRxQ==

vue-tsc@^2.1.6:
  version "2.2.2"
  resolved "https://registry.npmjs.org/vue-tsc/-/vue-tsc-2.2.2.tgz#7e3c43dbd3ca3a38e0f04a864bd114ba31098b90"
  integrity sha512-1icPKkxAA5KTAaSwg0wVWdE48EdsH8fgvcbAiqojP4jXKl6LEM3soiW1aG/zrWrFt8Mw1ncG2vG1PvpZpVfehA==
  dependencies:
    "@volar/typescript" "~2.4.11"
    "@vue/language-core" "2.2.2"

whatwg-fetch@^3.6.2:
  version "3.6.20"
  resolved "https://registry.npmjs.org/whatwg-fetch/-/whatwg-fetch-3.6.20.tgz#580ce6d791facec91d37c72890995a0b48d31c70"
  integrity sha512-EqhiFU6daOA8kpjOWTL0olhVOF3i7OrFzSYiGsEMB8GcXS+RrzauAERX65xMeNWVqxA6HXH2m69Z9LaKKdisfg==
